<Solution>
  <Configurations>
    <Platform Name="Any CPU" />
    <Platform Name="ARM" />
    <Platform Name="ARM64" />
    <Platform Name="x64" />
    <Platform Name="x86" />
  </Configurations>
  <Folder Name="/Solution Items/">
    <File Path="build.fsx" />
    <File Path="investigation.fsx" />
    <File Path="README.md" />
    <File Path="RELEASE_NOTES.md" />
  </Folder>
  <Folder Name="/src/">
    <Project Path="src/LogParser.App/LogParser.App.fsproj" Id="04e70060-21c1-461a-a27d-962e8ad4c558" />
    <Project Path="src/LogParser.ElmishApp/LogParser.ElmishApp.fsproj" />
    <Project Path="src/LogParser.WpfClient/LogParser.WpfClient.csproj" />
    <Project Path="src/LogParser/LogParser.fsproj" />
  </Folder>
  <Folder Name="/src/3rd/">
    <Project Path="../../../CSharp/_libs/p1eXu5/p1eXu5.Wpf.PaginationViews/src/p1eXu5.Wpf.PaginationViews/p1eXu5.Wpf.PaginationViews.csproj" />
    <Project Path="../../_libs/p1eXu5.FSharp.Reactive/src/p1eXu5.FSharp.Reactive/p1eXu5.FSharp.Reactive.fsproj" />
  </Folder>
  <Folder Name="/test/">
    <Project Path="test/LogParser.App.Tests/LogParser.App.Tests.fsproj" />
    <Project Path="test/LogParser.Tests.Fakers/LogParser.Tests.Fakers.fsproj" Id="e61bcf88-488d-450d-b582-e1c33bd21c72" />
    <Project Path="test/LogParser.Tests/LogParser.Tests.fsproj" />
  </Folder>
  <Folder Name="/test/3rd/">
    <Project Path="../../_libs/p1eXu5.FSharp.Reactive/src/p1eXu5.FSharp.Reactive.Testing/p1eXu5.FSharp.Reactive.Testing.fsproj" />
  </Folder>
</Solution>
